
Microsoft Visual Studio Solution File, Format Version 12.00
# Visual Studio Version 16
VisualStudioVersion = 16.0.31112.23
MinimumVisualStudioVersion = 10.0.40219.1
Project("{8BC9CEB8-8B4A-11D0-8D11-00A0C91BC942}") = "LeagueEngine", "LeagueEngine\LeagueEngine.vcxproj", "{437D0677-ABCF-43AD-BDD2-AF5D70342A96}"
EndProject
Global
	GlobalSection(SolutionConfigurationPlatforms) = preSolution
		Debug|x64 = Debug|x64
		Debug|x86 = Debug|x86
		Release|x64 = Release|x64
		Release|x86 = Release|x86
	EndGlobalSection
	GlobalSection(ProjectConfigurationPlatforms) = postSolution
		{437D0677-ABCF-43AD-BDD2-AF5D70342A96}.Debug|x64.ActiveCfg = Debug|x64
		{437D0677-ABCF-43AD-BDD2-AF5D70342A96}.Debug|x64.Build.0 = Debug|x64
		{437D0677-ABCF-43AD-BDD2-AF5D70342A96}.Debug|x86.ActiveCfg = Debug|Win32
		{437D0677-ABCF-43AD-BDD2-AF5D70342A96}.Debug|x86.Build.0 = Debug|Win32
		{437D0677-ABCF-43AD-BDD2-AF5D70342A96}.Release|x64.ActiveCfg = Release|x64
		{437D0677-ABCF-43AD-BDD2-AF5D70342A96}.Release|x64.Build.0 = Release|x64
		{437D0677-ABCF-43AD-BDD2-AF5D70342A96}.Release|x86.ActiveCfg = Release|Win32
		{437D0677-ABCF-43AD-BDD2-AF5D70342A96}.Release|x86.Build.0 = Release|Win32
	EndGlobalSection
	GlobalSection(SolutionProperties) = preSolution
		HideSolutionNode = FALSE
	EndGlobalSection
	GlobalSection(ExtensibilityGlobals) = postSolution
		SolutionGuid = {B7A6EA33-599C-469F-B7F5-CE9F22D2A34D}
	EndGlobalSection
EndGlobal
